// !$*UTF8*$!
{
	archiveVersion = 1;
	classes = {
	};
	objectVersion = 50;
	objects = {

/* Begin PBXBuildFile section */
		1118C41A22ACFA630035C3D7 /* SJSONDecoder.framework in Frameworks */ = {isa = PBXBuildFile; fileRef = 1118C41022ACFA630035C3D7 /* SJSONDecoder.framework */; };
		1118C41F22ACFA630035C3D7 /* EndToEndTests.swift in Sources */ = {isa = PBXBuildFile; fileRef = 1118C41E22ACFA630035C3D7 /* EndToEndTests.swift */; };
		1118C42122ACFA630035C3D7 /* SJSONDecoder.h in Headers */ = {isa = PBXBuildFile; fileRef = 1118C41322ACFA630035C3D7 /* SJSONDecoder.h */; settings = {ATTRIBUTES = (Public, ); }; };
		1118C42E22ACFAE00035C3D7 /* SJSONDecoder.swift in Sources */ = {isa = PBXBuildFile; fileRef = 1118C42D22ACFAE00035C3D7 /* SJSONDecoder.swift */; };
		1118C43022ACFB190035C3D7 /* Parser.swift in Sources */ = {isa = PBXBuildFile; fileRef = 1118C42F22ACFB190035C3D7 /* Parser.swift */; };
		1118C43222ACFB4E0035C3D7 /* Value.swift in Sources */ = {isa = PBXBuildFile; fileRef = 1118C43122ACFB4E0035C3D7 /* Value.swift */; };
		1118C43422ACFB620035C3D7 /* ActualDecoder.swift in Sources */ = {isa = PBXBuildFile; fileRef = 1118C43322ACFB620035C3D7 /* ActualDecoder.swift */; };
		1118C43622ACFBF60035C3D7 /* KeyedContainer.swift in Sources */ = {isa = PBXBuildFile; fileRef = 1118C43522ACFBF60035C3D7 /* KeyedContainer.swift */; };
		1118C43822ACFC260035C3D7 /* SingleValueContainer.swift in Sources */ = {isa = PBXBuildFile; fileRef = 1118C43722ACFC260035C3D7 /* SingleValueContainer.swift */; };
		1118C43A22ACFC490035C3D7 /* UnkeyedContainer.swift in Sources */ = {isa = PBXBuildFile; fileRef = 1118C43922ACFC490035C3D7 /* UnkeyedContainer.swift */; };
		1118C43C22ACFCC20035C3D7 /* DefaultKey.swift in Sources */ = {isa = PBXBuildFile; fileRef = 1118C43B22ACFCC20035C3D7 /* DefaultKey.swift */; };
		1118C44022ACFFEE0035C3D7 /* DecodingError+.swift in Sources */ = {isa = PBXBuildFile; fileRef = 1118C43F22ACFFEE0035C3D7 /* DecodingError+.swift */; };
		1118C44222AD14D30035C3D7 /* TestEntity.swift in Sources */ = {isa = PBXBuildFile; fileRef = 1118C44122AD14D30035C3D7 /* TestEntity.swift */; };
		1118C44A22AD19980035C3D7 /* AppDelegate.swift in Sources */ = {isa = PBXBuildFile; fileRef = 1118C44922AD19980035C3D7 /* AppDelegate.swift */; };
		1118C44C22AD19980035C3D7 /* ViewController.swift in Sources */ = {isa = PBXBuildFile; fileRef = 1118C44B22AD19980035C3D7 /* ViewController.swift */; };
		1118C44F22AD19980035C3D7 /* Main.storyboard in Resources */ = {isa = PBXBuildFile; fileRef = 1118C44D22AD19980035C3D7 /* Main.storyboard */; };
		1118C45122AD19990035C3D7 /* Assets.xcassets in Resources */ = {isa = PBXBuildFile; fileRef = 1118C45022AD19990035C3D7 /* Assets.xcassets */; };
		1118C45422AD19990035C3D7 /* LaunchScreen.storyboard in Resources */ = {isa = PBXBuildFile; fileRef = 1118C45222AD19990035C3D7 /* LaunchScreen.storyboard */; };
		1118C45B22AD19B00035C3D7 /* SJSONDecoder.framework in Frameworks */ = {isa = PBXBuildFile; fileRef = 1118C41022ACFA630035C3D7 /* SJSONDecoder.framework */; };
		1118C45C22AD19B00035C3D7 /* SJSONDecoder.framework in Embed Frameworks */ = {isa = PBXBuildFile; fileRef = 1118C41022ACFA630035C3D7 /* SJSONDecoder.framework */; settings = {ATTRIBUTES = (CodeSignOnCopy, RemoveHeadersOnCopy, ); }; };
		1118C46122AD6DFC0035C3D7 /* Parser+Scope.swift in Sources */ = {isa = PBXBuildFile; fileRef = 1118C46022AD6DFC0035C3D7 /* Parser+Scope.swift */; };
		1118C46322AD6E0E0035C3D7 /* Parser+ContainerScope.swift in Sources */ = {isa = PBXBuildFile; fileRef = 1118C46222AD6E0E0035C3D7 /* Parser+ContainerScope.swift */; };
		1118C46622AD72B40035C3D7 /* DateDecodingStrategy.swift in Sources */ = {isa = PBXBuildFile; fileRef = 1118C46522AD72B40035C3D7 /* DateDecodingStrategy.swift */; };
		1118C46822AD7F390035C3D7 /* DecodingSession.swift in Sources */ = {isa = PBXBuildFile; fileRef = 1118C46722AD7F390035C3D7 /* DecodingSession.swift */; };
		1118C46E22AD81FD0035C3D7 /* MockSingleValueContainer.swift in Sources */ = {isa = PBXBuildFile; fileRef = 1118C46D22AD81FD0035C3D7 /* MockSingleValueContainer.swift */; };
/* End PBXBuildFile section */

/* Begin PBXContainerItemProxy section */
		1118C41B22ACFA630035C3D7 /* PBXContainerItemProxy */ = {
			isa = PBXContainerItemProxy;
			containerPortal = 1118C40722ACFA630035C3D7 /* Project object */;
			proxyType = 1;
			remoteGlobalIDString = 1118C40F22ACFA630035C3D7;
			remoteInfo = SJSONDecoder;
		};
		1118C45922AD19AA0035C3D7 /* PBXContainerItemProxy */ = {
			isa = PBXContainerItemProxy;
			containerPortal = 1118C40722ACFA630035C3D7 /* Project object */;
			proxyType = 1;
			remoteGlobalIDString = 1118C44622AD19980035C3D7;
			remoteInfo = TestApp;
		};
		1118C45D22AD19B00035C3D7 /* PBXContainerItemProxy */ = {
			isa = PBXContainerItemProxy;
			containerPortal = 1118C40722ACFA630035C3D7 /* Project object */;
			proxyType = 1;
			remoteGlobalIDString = 1118C40F22ACFA630035C3D7;
			remoteInfo = SJSONDecoder;
		};
/* End PBXContainerItemProxy section */

/* Begin PBXCopyFilesBuildPhase section */
		1118C45F22AD19B10035C3D7 /* Embed Frameworks */ = {
			isa = PBXCopyFilesBuildPhase;
			buildActionMask = 2147483647;
			dstPath = "";
			dstSubfolderSpec = 10;
			files = (
				1118C45C22AD19B00035C3D7 /* SJSONDecoder.framework in Embed Frameworks */,
			);
			name = "Embed Frameworks";
			runOnlyForDeploymentPostprocessing = 0;
		};
/* End PBXCopyFilesBuildPhase section */

/* Begin PBXFileReference section */
		1118C41022ACFA630035C3D7 /* SJSONDecoder.framework */ = {isa = PBXFileReference; explicitFileType = wrapper.framework; includeInIndex = 0; path = SJSONDecoder.framework; sourceTree = BUILT_PRODUCTS_DIR; };
		1118C41322ACFA630035C3D7 /* SJSONDecoder.h */ = {isa = PBXFileReference; lastKnownFileType = sourcecode.c.h; path = SJSONDecoder.h; sourceTree = "<group>"; };
		1118C41422ACFA630035C3D7 /* Info.plist */ = {isa = PBXFileReference; lastKnownFileType = text.plist.xml; path = Info.plist; sourceTree = "<group>"; };
		1118C41922ACFA630035C3D7 /* SJSONDecoderTests.xctest */ = {isa = PBXFileReference; explicitFileType = wrapper.cfbundle; includeInIndex = 0; path = SJSONDecoderTests.xctest; sourceTree = BUILT_PRODUCTS_DIR; };
		1118C41E22ACFA630035C3D7 /* EndToEndTests.swift */ = {isa = PBXFileReference; lastKnownFileType = sourcecode.swift; path = EndToEndTests.swift; sourceTree = "<group>"; };
		1118C42022ACFA630035C3D7 /* Info.plist */ = {isa = PBXFileReference; lastKnownFileType = text.plist.xml; path = Info.plist; sourceTree = "<group>"; };
		1118C42D22ACFAE00035C3D7 /* SJSONDecoder.swift */ = {isa = PBXFileReference; lastKnownFileType = sourcecode.swift; path = SJSONDecoder.swift; sourceTree = "<group>"; };
		1118C42F22ACFB190035C3D7 /* Parser.swift */ = {isa = PBXFileReference; lastKnownFileType = sourcecode.swift; path = Parser.swift; sourceTree = "<group>"; };
		1118C43122ACFB4E0035C3D7 /* Value.swift */ = {isa = PBXFileReference; lastKnownFileType = sourcecode.swift; path = Value.swift; sourceTree = "<group>"; };
		1118C43322ACFB620035C3D7 /* ActualDecoder.swift */ = {isa = PBXFileReference; lastKnownFileType = sourcecode.swift; path = ActualDecoder.swift; sourceTree = "<group>"; };
		1118C43522ACFBF60035C3D7 /* KeyedContainer.swift */ = {isa = PBXFileReference; lastKnownFileType = sourcecode.swift; path = KeyedContainer.swift; sourceTree = "<group>"; };
		1118C43722ACFC260035C3D7 /* SingleValueContainer.swift */ = {isa = PBXFileReference; lastKnownFileType = sourcecode.swift; path = SingleValueContainer.swift; sourceTree = "<group>"; };
		1118C43922ACFC490035C3D7 /* UnkeyedContainer.swift */ = {isa = PBXFileReference; lastKnownFileType = sourcecode.swift; path = UnkeyedContainer.swift; sourceTree = "<group>"; };
		1118C43B22ACFCC20035C3D7 /* DefaultKey.swift */ = {isa = PBXFileReference; lastKnownFileType = sourcecode.swift; path = DefaultKey.swift; sourceTree = "<group>"; };
		1118C43F22ACFFEE0035C3D7 /* DecodingError+.swift */ = {isa = PBXFileReference; lastKnownFileType = sourcecode.swift; path = "DecodingError+.swift"; sourceTree = "<group>"; };
		1118C44122AD14D30035C3D7 /* TestEntity.swift */ = {isa = PBXFileReference; lastKnownFileType = sourcecode.swift; path = TestEntity.swift; sourceTree = "<group>"; };
		1118C44722AD19980035C3D7 /* TestApp.app */ = {isa = PBXFileReference; explicitFileType = wrapper.application; includeInIndex = 0; path = TestApp.app; sourceTree = BUILT_PRODUCTS_DIR; };
		1118C44922AD19980035C3D7 /* AppDelegate.swift */ = {isa = PBXFileReference; lastKnownFileType = sourcecode.swift; path = AppDelegate.swift; sourceTree = "<group>"; };
		1118C44B22AD19980035C3D7 /* ViewController.swift */ = {isa = PBXFileReference; lastKnownFileType = sourcecode.swift; path = ViewController.swift; sourceTree = "<group>"; };
		1118C44E22AD19980035C3D7 /* Base */ = {isa = PBXFileReference; lastKnownFileType = file.storyboard; name = Base; path = Base.lproj/Main.storyboard; sourceTree = "<group>"; };
		1118C45022AD19990035C3D7 /* Assets.xcassets */ = {isa = PBXFileReference; lastKnownFileType = folder.assetcatalog; path = Assets.xcassets; sourceTree = "<group>"; };
		1118C45322AD19990035C3D7 /* Base */ = {isa = PBXFileReference; lastKnownFileType = file.storyboard; name = Base; path = Base.lproj/LaunchScreen.storyboard; sourceTree = "<group>"; };
		1118C45522AD19990035C3D7 /* Info.plist */ = {isa = PBXFileReference; lastKnownFileType = text.plist.xml; path = Info.plist; sourceTree = "<group>"; };
		1118C46022AD6DFC0035C3D7 /* Parser+Scope.swift */ = {isa = PBXFileReference; lastKnownFileType = sourcecode.swift; path = "Parser+Scope.swift"; sourceTree = "<group>"; };
		1118C46222AD6E0E0035C3D7 /* Parser+ContainerScope.swift */ = {isa = PBXFileReference; lastKnownFileType = sourcecode.swift; path = "Parser+ContainerScope.swift"; sourceTree = "<group>"; };
		1118C46522AD72B40035C3D7 /* DateDecodingStrategy.swift */ = {isa = PBXFileReference; lastKnownFileType = sourcecode.swift; path = DateDecodingStrategy.swift; sourceTree = "<group>"; };
		1118C46722AD7F390035C3D7 /* DecodingSession.swift */ = {isa = PBXFileReference; lastKnownFileType = sourcecode.swift; path = DecodingSession.swift; sourceTree = "<group>"; };
		1118C46D22AD81FD0035C3D7 /* MockSingleValueContainer.swift */ = {isa = PBXFileReference; lastKnownFileType = sourcecode.swift; path = MockSingleValueContainer.swift; sourceTree = "<group>"; };
/* End PBXFileReference section */

/* Begin PBXFrameworksBuildPhase section */
		1118C40D22ACFA630035C3D7 /* Frameworks */ = {
			isa = PBXFrameworksBuildPhase;
			buildActionMask = 2147483647;
			files = (
			);
			runOnlyForDeploymentPostprocessing = 0;
		};
		1118C41622ACFA630035C3D7 /* Frameworks */ = {
			isa = PBXFrameworksBuildPhase;
			buildActionMask = 2147483647;
			files = (
				1118C41A22ACFA630035C3D7 /* SJSONDecoder.framework in Frameworks */,
			);
			runOnlyForDeploymentPostprocessing = 0;
		};
		1118C44422AD19980035C3D7 /* Frameworks */ = {
			isa = PBXFrameworksBuildPhase;
			buildActionMask = 2147483647;
			files = (
				1118C45B22AD19B00035C3D7 /* SJSONDecoder.framework in Frameworks */,
			);
			runOnlyForDeploymentPostprocessing = 0;
		};
/* End PBXFrameworksBuildPhase section */

/* Begin PBXGroup section */
		1118C40622ACFA630035C3D7 = {
			isa = PBXGroup;
			children = (
				1118C41222ACFA630035C3D7 /* SJSONDecoder */,
				1118C41D22ACFA630035C3D7 /* SJSONDecoderTests */,
				1118C44822AD19980035C3D7 /* TestApp */,
				1118C41122ACFA630035C3D7 /* Products */,
			);
			sourceTree = "<group>";
		};
		1118C41122ACFA630035C3D7 /* Products */ = {
			isa = PBXGroup;
			children = (
				1118C41022ACFA630035C3D7 /* SJSONDecoder.framework */,
				1118C41922ACFA630035C3D7 /* SJSONDecoderTests.xctest */,
				1118C44722AD19980035C3D7 /* TestApp.app */,
			);
			name = Products;
			sourceTree = "<group>";
		};
		1118C41222ACFA630035C3D7 /* SJSONDecoder */ = {
			isa = PBXGroup;
			children = (
				1118C41322ACFA630035C3D7 /* SJSONDecoder.h */,
				1118C42C22ACFAC00035C3D7 /* Sources */,
				1118C41422ACFA630035C3D7 /* Info.plist */,
			);
			path = SJSONDecoder;
			sourceTree = "<group>";
		};
		1118C41D22ACFA630035C3D7 /* SJSONDecoderTests */ = {
			isa = PBXGroup;
			children = (
				1118C44122AD14D30035C3D7 /* TestEntity.swift */,
				1118C46D22AD81FD0035C3D7 /* MockSingleValueContainer.swift */,
				1118C41E22ACFA630035C3D7 /* EndToEndTests.swift */,
				1118C42022ACFA630035C3D7 /* Info.plist */,
			);
			path = SJSONDecoderTests;
			sourceTree = "<group>";
		};
		1118C42C22ACFAC00035C3D7 /* Sources */ = {
			isa = PBXGroup;
			children = (
				1118C43E22ACFD120035C3D7 /* Model */,
				1118C43D22ACFD020035C3D7 /* Containers */,
				1118C46422AD72790035C3D7 /* Parser */,
				1118C43F22ACFFEE0035C3D7 /* DecodingError+.swift */,
				1118C46522AD72B40035C3D7 /* DateDecodingStrategy.swift */,
				1118C43322ACFB620035C3D7 /* ActualDecoder.swift */,
				1118C46722AD7F390035C3D7 /* DecodingSession.swift */,
				1118C42D22ACFAE00035C3D7 /* SJSONDecoder.swift */,
			);
			path = Sources;
			sourceTree = "<group>";
		};
		1118C43D22ACFD020035C3D7 /* Containers */ = {
			isa = PBXGroup;
			children = (
				1118C43522ACFBF60035C3D7 /* KeyedContainer.swift */,
				1118C43722ACFC260035C3D7 /* SingleValueContainer.swift */,
				1118C43922ACFC490035C3D7 /* UnkeyedContainer.swift */,
			);
			path = Containers;
			sourceTree = "<group>";
		};
		1118C43E22ACFD120035C3D7 /* Model */ = {
			isa = PBXGroup;
			children = (
				1118C43122ACFB4E0035C3D7 /* Value.swift */,
				1118C43B22ACFCC20035C3D7 /* DefaultKey.swift */,
			);
			path = Model;
			sourceTree = "<group>";
		};
		1118C44822AD19980035C3D7 /* TestApp */ = {
			isa = PBXGroup;
			children = (
				1118C44922AD19980035C3D7 /* AppDelegate.swift */,
				1118C44B22AD19980035C3D7 /* ViewController.swift */,
				1118C44D22AD19980035C3D7 /* Main.storyboard */,
				1118C45022AD19990035C3D7 /* Assets.xcassets */,
				1118C45222AD19990035C3D7 /* LaunchScreen.storyboard */,
				1118C45522AD19990035C3D7 /* Info.plist */,
			);
			path = TestApp;
			sourceTree = "<group>";
		};
		1118C46422AD72790035C3D7 /* Parser */ = {
			isa = PBXGroup;
			children = (
				1118C42F22ACFB190035C3D7 /* Parser.swift */,
				1118C46022AD6DFC0035C3D7 /* Parser+Scope.swift */,
				1118C46222AD6E0E0035C3D7 /* Parser+ContainerScope.swift */,
			);
			path = Parser;
			sourceTree = "<group>";
		};
/* End PBXGroup section */

/* Begin PBXHeadersBuildPhase section */
		1118C40B22ACFA630035C3D7 /* Headers */ = {
			isa = PBXHeadersBuildPhase;
			buildActionMask = 2147483647;
			files = (
				1118C42122ACFA630035C3D7 /* SJSONDecoder.h in Headers */,
			);
			runOnlyForDeploymentPostprocessing = 0;
		};
/* End PBXHeadersBuildPhase section */

/* Begin PBXNativeTarget section */
		1118C40F22ACFA630035C3D7 /* SJSONDecoder */ = {
			isa = PBXNativeTarget;
			buildConfigurationList = 1118C42422ACFA630035C3D7 /* Build configuration list for PBXNativeTarget "SJSONDecoder" */;
			buildPhases = (
				1118C40B22ACFA630035C3D7 /* Headers */,
				1118C40C22ACFA630035C3D7 /* Sources */,
				1118C40D22ACFA630035C3D7 /* Frameworks */,
				1118C40E22ACFA630035C3D7 /* Resources */,
			);
			buildRules = (
			);
			dependencies = (
			);
			name = SJSONDecoder;
			productName = SJSONDecoder;
			productReference = 1118C41022ACFA630035C3D7 /* SJSONDecoder.framework */;
			productType = "com.apple.product-type.framework";
		};
		1118C41822ACFA630035C3D7 /* SJSONDecoderTests */ = {
			isa = PBXNativeTarget;
			buildConfigurationList = 1118C42722ACFA630035C3D7 /* Build configuration list for PBXNativeTarget "SJSONDecoderTests" */;
			buildPhases = (
				1118C41522ACFA630035C3D7 /* Sources */,
				1118C41622ACFA630035C3D7 /* Frameworks */,
				1118C41722ACFA630035C3D7 /* Resources */,
			);
			buildRules = (
			);
			dependencies = (
				1118C41C22ACFA630035C3D7 /* PBXTargetDependency */,
				1118C45A22AD19AA0035C3D7 /* PBXTargetDependency */,
			);
			name = SJSONDecoderTests;
			productName = SJSONDecoderTests;
			productReference = 1118C41922ACFA630035C3D7 /* SJSONDecoderTests.xctest */;
			productType = "com.apple.product-type.bundle.unit-test";
		};
		1118C44622AD19980035C3D7 /* TestApp */ = {
			isa = PBXNativeTarget;
			buildConfigurationList = 1118C45622AD19990035C3D7 /* Build configuration list for PBXNativeTarget "TestApp" */;
			buildPhases = (
				1118C44322AD19980035C3D7 /* Sources */,
				1118C44422AD19980035C3D7 /* Frameworks */,
				1118C44522AD19980035C3D7 /* Resources */,
				1118C45F22AD19B10035C3D7 /* Embed Frameworks */,
			);
			buildRules = (
			);
			dependencies = (
				1118C45E22AD19B00035C3D7 /* PBXTargetDependency */,
			);
			name = TestApp;
			productName = TestApp;
			productReference = 1118C44722AD19980035C3D7 /* TestApp.app */;
			productType = "com.apple.product-type.application";
		};
/* End PBXNativeTarget section */

/* Begin PBXProject section */
		1118C40722ACFA630035C3D7 /* Project object */ = {
			isa = PBXProject;
			attributes = {
				LastSwiftUpdateCheck = 1020;
				LastUpgradeCheck = 1020;
				ORGANIZATIONNAME = "Vyacheslav Beltyukov";
				TargetAttributes = {
					1118C40F22ACFA630035C3D7 = {
						CreatedOnToolsVersion = 10.2.1;
						LastSwiftMigration = 1020;
					};
					1118C41822ACFA630035C3D7 = {
						CreatedOnToolsVersion = 10.2.1;
						TestTargetID = 1118C44622AD19980035C3D7;
					};
					1118C44622AD19980035C3D7 = {
						CreatedOnToolsVersion = 10.2.1;
					};
				};
			};
			buildConfigurationList = 1118C40A22ACFA630035C3D7 /* Build configuration list for PBXProject "SJSONDecoder" */;
			compatibilityVersion = "Xcode 9.3";
			developmentRegion = en;
			hasScannedForEncodings = 0;
			knownRegions = (
				en,
				Base,
			);
			mainGroup = 1118C40622ACFA630035C3D7;
			productRefGroup = 1118C41122ACFA630035C3D7 /* Products */;
			projectDirPath = "";
			projectRoot = "";
			targets = (
				1118C40F22ACFA630035C3D7 /* SJSONDecoder */,
				1118C41822ACFA630035C3D7 /* SJSONDecoderTests */,
				1118C44622AD19980035C3D7 /* TestApp */,
			);
		};
/* End PBXProject section */

/* Begin PBXResourcesBuildPhase section */
		1118C40E22ACFA630035C3D7 /* Resources */ = {
			isa = PBXResourcesBuildPhase;
			buildActionMask = 2147483647;
			files = (
			);
			runOnlyForDeploymentPostprocessing = 0;
		};
		1118C41722ACFA630035C3D7 /* Resources */ = {
			isa = PBXResourcesBuildPhase;
			buildActionMask = 2147483647;
			files = (
			);
			runOnlyForDeploymentPostprocessing = 0;
		};
		1118C44522AD19980035C3D7 /* Resources */ = {
			isa = PBXResourcesBuildPhase;
			buildActionMask = 2147483647;
			files = (
				1118C45422AD19990035C3D7 /* LaunchScreen.storyboard in Resources */,
				1118C45122AD19990035C3D7 /* Assets.xcassets in Resources */,
				1118C44F22AD19980035C3D7 /* Main.storyboard in Resources */,
			);
			runOnlyForDeploymentPostprocessing = 0;
		};
/* End PBXResourcesBuildPhase section */

/* Begin PBXSourcesBuildPhase section */
		1118C40C22ACFA630035C3D7 /* Sources */ = {
			isa = PBXSourcesBuildPhase;
			buildActionMask = 2147483647;
			files = (
				1118C46322AD6E0E0035C3D7 /* Parser+ContainerScope.swift in Sources */,
				1118C43022ACFB190035C3D7 /* Parser.swift in Sources */,
				1118C43C22ACFCC20035C3D7 /* DefaultKey.swift in Sources */,
				1118C43622ACFBF60035C3D7 /* KeyedContainer.swift in Sources */,
				1118C42E22ACFAE00035C3D7 /* SJSONDecoder.swift in Sources */,
				1118C43A22ACFC490035C3D7 /* UnkeyedContainer.swift in Sources */,
				1118C43822ACFC260035C3D7 /* SingleValueContainer.swift in Sources */,
				1118C46622AD72B40035C3D7 /* DateDecodingStrategy.swift in Sources */,
				1118C43422ACFB620035C3D7 /* ActualDecoder.swift in Sources */,
				1118C46122AD6DFC0035C3D7 /* Parser+Scope.swift in Sources */,
				1118C44022ACFFEE0035C3D7 /* DecodingError+.swift in Sources */,
				1118C43222ACFB4E0035C3D7 /* Value.swift in Sources */,
				1118C46822AD7F390035C3D7 /* DecodingSession.swift in Sources */,
			);
			runOnlyForDeploymentPostprocessing = 0;
		};
		1118C41522ACFA630035C3D7 /* Sources */ = {
			isa = PBXSourcesBuildPhase;
			buildActionMask = 2147483647;
			files = (
				1118C44222AD14D30035C3D7 /* TestEntity.swift in Sources */,
				1118C46E22AD81FD0035C3D7 /* MockSingleValueContainer.swift in Sources */,
				1118C41F22ACFA630035C3D7 /* EndToEndTests.swift in Sources */,
			);
			runOnlyForDeploymentPostprocessing = 0;
		};
		1118C44322AD19980035C3D7 /* Sources */ = {
			isa = PBXSourcesBuildPhase;
			buildActionMask = 2147483647;
			files = (
				1118C44C22AD19980035C3D7 /* ViewController.swift in Sources */,
				1118C44A22AD19980035C3D7 /* AppDelegate.swift in Sources */,
			);
			runOnlyForDeploymentPostprocessing = 0;
		};
/* End PBXSourcesBuildPhase section */

/* Begin PBXTargetDependency section */
		1118C41C22ACFA630035C3D7 /* PBXTargetDependency */ = {
			isa = PBXTargetDependency;
			target = 1118C40F22ACFA630035C3D7 /* SJSONDecoder */;
			targetProxy = 1118C41B22ACFA630035C3D7 /* PBXContainerItemProxy */;
		};
		1118C45A22AD19AA0035C3D7 /* PBXTargetDependency */ = {
			isa = PBXTargetDependency;
			target = 1118C44622AD19980035C3D7 /* TestApp */;
			targetProxy = 1118C45922AD19AA0035C3D7 /* PBXContainerItemProxy */;
		};
		1118C45E22AD19B00035C3D7 /* PBXTargetDependency */ = {
			isa = PBXTargetDependency;
			target = 1118C40F22ACFA630035C3D7 /* SJSONDecoder */;
			targetProxy = 1118C45D22AD19B00035C3D7 /* PBXContainerItemProxy */;
		};
/* End PBXTargetDependency section */

/* Begin PBXVariantGroup section */
		1118C44D22AD19980035C3D7 /* Main.storyboard */ = {
			isa = PBXVariantGroup;
			children = (
				1118C44E22AD19980035C3D7 /* Base */,
			);
			name = Main.storyboard;
			sourceTree = "<group>";
		};
		1118C45222AD19990035C3D7 /* LaunchScreen.storyboard */ = {
			isa = PBXVariantGroup;
			children = (
				1118C45322AD19990035C3D7 /* Base */,
			);
			name = LaunchScreen.storyboard;
			sourceTree = "<group>";
		};
/* End PBXVariantGroup section */

/* Begin XCBuildConfiguration section */
		1118C42222ACFA630035C3D7 /* Debug */ = {
			isa = XCBuildConfiguration;
			buildSettings = {
				ALWAYS_SEARCH_USER_PATHS = NO;
				CLANG_ANALYZER_NONNULL = YES;
				CLANG_ANALYZER_NUMBER_OBJECT_CONVERSION = YES_AGGRESSIVE;
				CLANG_CXX_LANGUAGE_STANDARD = "gnu++14";
				CLANG_CXX_LIBRARY = "libc++";
				CLANG_ENABLE_MODULES = YES;
				CLANG_ENABLE_OBJC_ARC = YES;
				CLANG_ENABLE_OBJC_WEAK = YES;
				CLANG_WARN_BLOCK_CAPTURE_AUTORELEASING = YES;
				CLANG_WARN_BOOL_CONVERSION = YES;
				CLANG_WARN_COMMA = YES;
				CLANG_WARN_CONSTANT_CONVERSION = YES;
				CLANG_WARN_DEPRECATED_OBJC_IMPLEMENTATIONS = YES;
				CLANG_WARN_DIRECT_OBJC_ISA_USAGE = YES_ERROR;
				CLANG_WARN_DOCUMENTATION_COMMENTS = YES;
				CLANG_WARN_EMPTY_BODY = YES;
				CLANG_WARN_ENUM_CONVERSION = YES;
				CLANG_WARN_INFINITE_RECURSION = YES;
				CLANG_WARN_INT_CONVERSION = YES;
				CLANG_WARN_NON_LITERAL_NULL_CONVERSION = YES;
				CLANG_WARN_OBJC_IMPLICIT_RETAIN_SELF = YES;
				CLANG_WARN_OBJC_LITERAL_CONVERSION = YES;
				CLANG_WARN_OBJC_ROOT_CLASS = YES_ERROR;
				CLANG_WARN_RANGE_LOOP_ANALYSIS = YES;
				CLANG_WARN_STRICT_PROTOTYPES = YES;
				CLANG_WARN_SUSPICIOUS_MOVE = YES;
				CLANG_WARN_UNGUARDED_AVAILABILITY = YES_AGGRESSIVE;
				CLANG_WARN_UNREACHABLE_CODE = YES;
				CLANG_WARN__DUPLICATE_METHOD_MATCH = YES;
				CODE_SIGN_IDENTITY = "iPhone Developer";
				COPY_PHASE_STRIP = NO;
				CURRENT_PROJECT_VERSION = 1;
				DEBUG_INFORMATION_FORMAT = dwarf;
				ENABLE_STRICT_OBJC_MSGSEND = YES;
				ENABLE_TESTABILITY = YES;
				GCC_C_LANGUAGE_STANDARD = gnu11;
				GCC_DYNAMIC_NO_PIC = NO;
				GCC_NO_COMMON_BLOCKS = YES;
				GCC_OPTIMIZATION_LEVEL = 0;
				GCC_PREPROCESSOR_DEFINITIONS = (
					"DEBUG=1",
					"$(inherited)",
				);
				GCC_WARN_64_TO_32_BIT_CONVERSION = YES;
				GCC_WARN_ABOUT_RETURN_TYPE = YES_ERROR;
				GCC_WARN_UNDECLARED_SELECTOR = YES;
				GCC_WARN_UNINITIALIZED_AUTOS = YES_AGGRESSIVE;
				GCC_WARN_UNUSED_FUNCTION = YES;
				GCC_WARN_UNUSED_VARIABLE = YES;
				IPHONEOS_DEPLOYMENT_TARGET = 12.2;
				MTL_ENABLE_DEBUG_INFO = INCLUDE_SOURCE;
				MTL_FAST_MATH = YES;
				ONLY_ACTIVE_ARCH = YES;
				SDKROOT = iphoneos;
				SWIFT_ACTIVE_COMPILATION_CONDITIONS = DEBUG;
				SWIFT_OPTIMIZATION_LEVEL = "-Onone";
				VERSIONING_SYSTEM = "apple-generic";
				VERSION_INFO_PREFIX = "";
			};
			name = Debug;
		};
		1118C42322ACFA630035C3D7 /* Release */ = {
			isa = XCBuildConfiguration;
			buildSettings = {
				ALWAYS_SEARCH_USER_PATHS = NO;
				CLANG_ANALYZER_NONNULL = YES;
				CLANG_ANALYZER_NUMBER_OBJECT_CONVERSION = YES_AGGRESSIVE;
				CLANG_CXX_LANGUAGE_STANDARD = "gnu++14";
				CLANG_CXX_LIBRARY = "libc++";
				CLANG_ENABLE_MODULES = YES;
				CLANG_ENABLE_OBJC_ARC = YES;
				CLANG_ENABLE_OBJC_WEAK = YES;
				CLANG_WARN_BLOCK_CAPTURE_AUTORELEASING = YES;
				CLANG_WARN_BOOL_CONVERSION = YES;
				CLANG_WARN_COMMA = YES;
				CLANG_WARN_CONSTANT_CONVERSION = YES;
				CLANG_WARN_DEPRECATED_OBJC_IMPLEMENTATIONS = YES;
				CLANG_WARN_DIRECT_OBJC_ISA_USAGE = YES_ERROR;
				CLANG_WARN_DOCUMENTATION_COMMENTS = YES;
				CLANG_WARN_EMPTY_BODY = YES;
				CLANG_WARN_ENUM_CONVERSION = YES;
				CLANG_WARN_INFINITE_RECURSION = YES;
				CLANG_WARN_INT_CONVERSION = YES;
				CLANG_WARN_NON_LITERAL_NULL_CONVERSION = YES;
				CLANG_WARN_OBJC_IMPLICIT_RETAIN_SELF = YES;
				CLANG_WARN_OBJC_LITERAL_CONVERSION = YES;
				CLANG_WARN_OBJC_ROOT_CLASS = YES_ERROR;
				CLANG_WARN_RANGE_LOOP_ANALYSIS = YES;
				CLANG_WARN_STRICT_PROTOTYPES = YES;
				CLANG_WARN_SUSPICIOUS_MOVE = YES;
				CLANG_WARN_UNGUARDED_AVAILABILITY = YES_AGGRESSIVE;
				CLANG_WARN_UNREACHABLE_CODE = YES;
				CLANG_WARN__DUPLICATE_METHOD_MATCH = YES;
				CODE_SIGN_IDENTITY = "iPhone Developer";
				COPY_PHASE_STRIP = NO;
				CURRENT_PROJECT_VERSION = 1;
				DEBUG_INFORMATION_FORMAT = "dwarf-with-dsym";
				ENABLE_NS_ASSERTIONS = NO;
				ENABLE_STRICT_OBJC_MSGSEND = YES;
				GCC_C_LANGUAGE_STANDARD = gnu11;
				GCC_NO_COMMON_BLOCKS = YES;
				GCC_WARN_64_TO_32_BIT_CONVERSION = YES;
				GCC_WARN_ABOUT_RETURN_TYPE = YES_ERROR;
				GCC_WARN_UNDECLARED_SELECTOR = YES;
				GCC_WARN_UNINITIALIZED_AUTOS = YES_AGGRESSIVE;
				GCC_WARN_UNUSED_FUNCTION = YES;
				GCC_WARN_UNUSED_VARIABLE = YES;
				IPHONEOS_DEPLOYMENT_TARGET = 12.2;
				MTL_ENABLE_DEBUG_INFO = NO;
				MTL_FAST_MATH = YES;
				SDKROOT = iphoneos;
				SWIFT_COMPILATION_MODE = wholemodule;
				SWIFT_OPTIMIZATION_LEVEL = "-O";
				VALIDATE_PRODUCT = YES;
				VERSIONING_SYSTEM = "apple-generic";
				VERSION_INFO_PREFIX = "";
			};
			name = Release;
		};
		1118C42522ACFA630035C3D7 /* Debug */ = {
			isa = XCBuildConfiguration;
			buildSettings = {
				CLANG_ENABLE_MODULES = YES;
				CODE_SIGN_IDENTITY = "";
				CODE_SIGN_STYLE = Automatic;
				DEFINES_MODULE = YES;
				DEVELOPMENT_TEAM = 3NRJ5W5TPS;
				DYLIB_COMPATIBILITY_VERSION = 1;
				DYLIB_CURRENT_VERSION = 1;
				DYLIB_INSTALL_NAME_BASE = "@rpath";
				INFOPLIST_FILE = SJSONDecoder/Info.plist;
				INSTALL_PATH = "$(LOCAL_LIBRARY_DIR)/Frameworks";
				LD_RUNPATH_SEARCH_PATHS = (
					"$(inherited)",
					"@executable_path/Frameworks",
					"@loader_path/Frameworks",
				);
				PRODUCT_BUNDLE_IDENTIFIER = mobi.beltyukov.SJSONDecoder;
				PRODUCT_NAME = "$(TARGET_NAME:c99extidentifier)";
				SKIP_INSTALL = YES;
				SWIFT_OPTIMIZATION_LEVEL = "-Onone";
				SWIFT_VERSION = 5.0;
				TARGETED_DEVICE_FAMILY = "1,2";
			};
			name = Debug;
		};
		1118C42622ACFA630035C3D7 /* Release */ = {
			isa = XCBuildConfiguration;
			buildSettings = {
				CLANG_ENABLE_MODULES = YES;
				CODE_SIGN_IDENTITY = "";
				CODE_SIGN_STYLE = Automatic;
				DEFINES_MODULE = YES;
				DEVELOPMENT_TEAM = 3NRJ5W5TPS;
				DYLIB_COMPATIBILITY_VERSION = 1;
				DYLIB_CURRENT_VERSION = 1;
				DYLIB_INSTALL_NAME_BASE = "@rpath";
				INFOPLIST_FILE = SJSONDecoder/Info.plist;
				INSTALL_PATH = "$(LOCAL_LIBRARY_DIR)/Frameworks";
				LD_RUNPATH_SEARCH_PATHS = (
					"$(inherited)",
					"@executable_path/Frameworks",
					"@loader_path/Frameworks",
				);
				PRODUCT_BUNDLE_IDENTIFIER = mobi.beltyukov.SJSONDecoder;
				PRODUCT_NAME = "$(TARGET_NAME:c99extidentifier)";
				SKIP_INSTALL = YES;
				SWIFT_VERSION = 5.0;
				TARGETED_DEVICE_FAMILY = "1,2";
			};
			name = Release;
		};
		1118C42822ACFA630035C3D7 /* Debug */ = {
			isa = XCBuildConfiguration;
			buildSettings = {
				ALWAYS_EMBED_SWIFT_STANDARD_LIBRARIES = YES;
				CODE_SIGN_STYLE = Automatic;
				DEVELOPMENT_TEAM = 3NRJ5W5TPS;
				INFOPLIST_FILE = SJSONDecoderTests/Info.plist;
				LD_RUNPATH_SEARCH_PATHS = (
					"$(inherited)",
					"@executable_path/Frameworks",
					"@loader_path/Frameworks",
				);
				PRODUCT_BUNDLE_IDENTIFIER = mobi.beltyukov.SJSONDecoderTests;
				PRODUCT_NAME = "$(TARGET_NAME)";
				SWIFT_VERSION = 5.0;
				TARGETED_DEVICE_FAMILY = "1,2";
				TEST_HOST = "$(BUILT_PRODUCTS_DIR)/TestApp.app/TestApp";
			};
			name = Debug;
		};
		1118C42922ACFA630035C3D7 /* Release */ = {
			isa = XCBuildConfiguration;
			buildSettings = {
				ALWAYS_EMBED_SWIFT_STANDARD_LIBRARIES = YES;
				CODE_SIGN_STYLE = Automatic;
				DEVELOPMENT_TEAM = 3NRJ5W5TPS;
				INFOPLIST_FILE = SJSONDecoderTests/Info.plist;
				LD_RUNPATH_SEARCH_PATHS = (
					"$(inherited)",
					"@executable_path/Frameworks",
					"@loader_path/Frameworks",
				);
				PRODUCT_BUNDLE_IDENTIFIER = mobi.beltyukov.SJSONDecoderTests;
				PRODUCT_NAME = "$(TARGET_NAME)";
				SWIFT_VERSION = 5.0;
				TARGETED_DEVICE_FAMILY = "1,2";
				TEST_HOST = "$(BUILT_PRODUCTS_DIR)/TestApp.app/TestApp";
			};
			name = Release;
		};
		1118C45722AD19990035C3D7 /* Debug */ = {
			isa = XCBuildConfiguration;
			buildSettings = {
				ALWAYS_EMBED_SWIFT_STANDARD_LIBRARIES = YES;
				ASSETCATALOG_COMPILER_APPICON_NAME = AppIcon;
				CODE_SIGN_STYLE = Automatic;
				DEVELOPMENT_TEAM = 3NRJ5W5TPS;
				INFOPLIST_FILE = TestApp/Info.plist;
				LD_RUNPATH_SEARCH_PATHS = (
					"$(inherited)",
					"@executable_path/Frameworks",
				);
				PRODUCT_BUNDLE_IDENTIFIER = mobi.beltyukov.TestApp;
				PRODUCT_NAME = "$(TARGET_NAME)";
				SWIFT_VERSION = 5.0;
				TARGETED_DEVICE_FAMILY = "1,2";
			};
			name = Debug;
		};
		1118C45822AD19990035C3D7 /* Release */ = {
			isa = XCBuildConfiguration;
			buildSettings = {
				ALWAYS_EMBED_SWIFT_STANDARD_LIBRARIES = YES;
				ASSETCATALOG_COMPILER_APPICON_NAME = AppIcon;
				CODE_SIGN_STYLE = Automatic;
				DEVELOPMENT_TEAM = 3NRJ5W5TPS;
				INFOPLIST_FILE = TestApp/Info.plist;
				LD_RUNPATH_SEARCH_PATHS = (
					"$(inherited)",
					"@executable_path/Frameworks",
				);
				PRODUCT_BUNDLE_IDENTIFIER = mobi.beltyukov.TestApp;
				PRODUCT_NAME = "$(TARGET_NAME)";
				SWIFT_VERSION = 5.0;
				TARGETED_DEVICE_FAMILY = "1,2";
			};
			name = Release;
		};
/* End XCBuildConfiguration section */

/* Begin XCConfigurationList section */
		1118C40A22ACFA630035C3D7 /* Build configuration list for PBXProject "SJSONDecoder" */ = {
			isa = XCConfigurationList;
			buildConfigurations = (
				1118C42222ACFA630035C3D7 /* Debug */,
				1118C42322ACFA630035C3D7 /* Release */,
			);
			defaultConfigurationIsVisible = 0;
			defaultConfigurationName = Release;
		};
		1118C42422ACFA630035C3D7 /* Build configuration list for PBXNativeTarget "SJSONDecoder" */ = {
			isa = XCConfigurationList;
			buildConfigurations = (
				1118C42522ACFA630035C3D7 /* Debug */,
				1118C42622ACFA630035C3D7 /* Release */,
			);
			defaultConfigurationIsVisible = 0;
			defaultConfigurationName = Release;
		};
		1118C42722ACFA630035C3D7 /* Build configuration list for PBXNativeTarget "SJSONDecoderTests" */ = {
			isa = XCConfigurationList;
			buildConfigurations = (
				1118C42822ACFA630035C3D7 /* Debug */,
				1118C42922ACFA630035C3D7 /* Release */,
			);
			defaultConfigurationIsVisible = 0;
			defaultConfigurationName = Release;
		};
		1118C45622AD19990035C3D7 /* Build configuration list for PBXNativeTarget "TestApp" */ = {
			isa = XCConfigurationList;
			buildConfigurations = (
				1118C45722AD19990035C3D7 /* Debug */,
				1118C45822AD19990035C3D7 /* Release */,
			);
			defaultConfigurationIsVisible = 0;
			defaultConfigurationName = Release;
		};
/* End XCConfigurationList section */
	};
	rootObject = 1118C40722ACFA630035C3D7 /* Project object */;
}
